// !$*UTF8*$!
{
	archiveVersion = 1;
	classes = {
	};
	objectVersion = 77;
	objects = {

/* Begin PBXBuildFile section */
		1350C8BA2D585453005A9CD3 /* ZIPFoundation in Frameworks */ = {isa = PBXBuildFile; productRef = 1350C8B92D585453005A9CD3 /* ZIPFoundation */; };
		13863E792D4F52FE00A55FCA /* Sounds in Resources */ = {isa = PBXBuildFile; fileRef = 13863E782D4F52F600A55FCA /* Sounds */; };
/* End PBXBuildFile section */

/* Begin PBXContainerItemProxy section */
		132BF8302D4859F90075721B /* PBXContainerItemProxy */ = {
			isa = PBXContainerItemProxy;
			containerPortal = 132BF8122D4859F70075721B /* Project object */;
			proxyType = 1;
			remoteGlobalIDString = 132BF8192D4859F70075721B;
			remoteInfo = Mavis;
		};
		132BF83A2D4859F90075721B /* PBXContainerItemProxy */ = {
			isa = PBXContainerItemProxy;
			containerPortal = 132BF8122D4859F70075721B /* Project object */;
			proxyType = 1;
			remoteGlobalIDString = 132BF8192D4859F70075721B;
			remoteInfo = Mavis;
		};
/* End PBXContainerItemProxy section */

/* Begin PBXFileReference section */
		130FF1442D5AE16E0034134C /* iMavis-Info.plist */ = {isa = PBXFileReference; lastKnownFileType = text.plist; path = "iMavis-Info.plist"; sourceTree = "<group>"; };
		132BF81A2D4859F70075721B /* iMavis.app */ = {isa = PBXFileReference; explicitFileType = wrapper.application; includeInIndex = 0; path = iMavis.app; sourceTree = BUILT_PRODUCTS_DIR; };
		132BF82F2D4859F90075721B /* MavisTests.xctest */ = {isa = PBXFileReference; explicitFileType = wrapper.cfbundle; includeInIndex = 0; path = MavisTests.xctest; sourceTree = BUILT_PRODUCTS_DIR; };
		132BF8392D4859F90075721B /* MavisUITests.xctest */ = {isa = PBXFileReference; explicitFileType = wrapper.cfbundle; includeInIndex = 0; path = MavisUITests.xctest; sourceTree = BUILT_PRODUCTS_DIR; };
		13863E782D4F52F600A55FCA /* Sounds */ = {isa = PBXFileReference; lastKnownFileType = folder; path = Sounds; sourceTree = "<group>"; };
/* End PBXFileReference section */

/* Begin PBXFileSystemSynchronizedRootGroup section */
		132BF81C2D4859F70075721B /* Mavis */ = {
			isa = PBXFileSystemSynchronizedRootGroup;
			path = Mavis;
			sourceTree = "<group>";
		};
		132BF8322D4859F90075721B /* MavisTests */ = {
			isa = PBXFileSystemSynchronizedRootGroup;
			path = MavisTests;
			sourceTree = "<group>";
		};
		132BF83C2D4859F90075721B /* MavisUITests */ = {
			isa = PBXFileSystemSynchronizedRootGroup;
			path = MavisUITests;
			sourceTree = "<group>";
		};
/* End PBXFileSystemSynchronizedRootGroup section */

/* Begin PBXFrameworksBuildPhase section */
		132BF8172D4859F70075721B /* Frameworks */ = {
			isa = PBXFrameworksBuildPhase;
			buildActionMask = 2147483647;
			files = (
				1350C8BA2D585453005A9CD3 /* ZIPFoundation in Frameworks */,
			);
			runOnlyForDeploymentPostprocessing = 0;
		};
		132BF82C2D4859F90075721B /* Frameworks */ = {
			isa = PBXFrameworksBuildPhase;
			buildActionMask = 2147483647;
			files = (
			);
			runOnlyForDeploymentPostprocessing = 0;
		};
		132BF8362D4859F90075721B /* Frameworks */ = {
			isa = PBXFrameworksBuildPhase;
			buildActionMask = 2147483647;
			files = (
			);
			runOnlyForDeploymentPostprocessing = 0;
		};
/* End PBXFrameworksBuildPhase section */

/* Begin PBXGroup section */
		132BF8112D4859F70075721B = {
			isa = PBXGroup;
			children = (
				130FF1442D5AE16E0034134C /* iMavis-Info.plist */,
				132BF81C2D4859F70075721B /* Mavis */,
				132BF8322D4859F90075721B /* MavisTests */,
				132BF83C2D4859F90075721B /* MavisUITests */,
				132BF81B2D4859F70075721B /* Products */,
				13863E782D4F52F600A55FCA /* Sounds */,
			);
			sourceTree = "<group>";
		};
		132BF81B2D4859F70075721B /* Products */ = {
			isa = PBXGroup;
			children = (
				132BF81A2D4859F70075721B /* iMavis.app */,
				132BF82F2D4859F90075721B /* MavisTests.xctest */,
				132BF8392D4859F90075721B /* MavisUITests.xctest */,
			);
			name = Products;
			sourceTree = "<group>";
		};
/* End PBXGroup section */

/* Begin PBXNativeTarget section */
		132BF8192D4859F70075721B /* iMavis */ = {
			isa = PBXNativeTarget;
			buildConfigurationList = 132BF8432D4859F90075721B /* Build configuration list for PBXNativeTarget "iMavis" */;
			buildPhases = (
				132BF8162D4859F70075721B /* Sources */,
				132BF8172D4859F70075721B /* Frameworks */,
				132BF8182D4859F70075721B /* Resources */,
			);
			buildRules = (
			);
			dependencies = (
			);
			fileSystemSynchronizedGroups = (
				132BF81C2D4859F70075721B /* Mavis */,
			);
			name = iMavis;
			packageProductDependencies = (
				1350C8B92D585453005A9CD3 /* ZIPFoundation */,
			);
			productName = Mavis;
			productReference = 132BF81A2D4859F70075721B /* iMavis.app */;
			productType = "com.apple.product-type.application";
		};
		132BF82E2D4859F90075721B /* MavisTests */ = {
			isa = PBXNativeTarget;
			buildConfigurationList = 132BF8462D4859F90075721B /* Build configuration list for PBXNativeTarget "MavisTests" */;
			buildPhases = (
				132BF82B2D4859F90075721B /* Sources */,
				132BF82C2D4859F90075721B /* Frameworks */,
				132BF82D2D4859F90075721B /* Resources */,
			);
			buildRules = (
			);
			dependencies = (
				132BF8312D4859F90075721B /* PBXTargetDependency */,
			);
			fileSystemSynchronizedGroups = (
				132BF8322D4859F90075721B /* MavisTests */,
			);
			name = MavisTests;
			packageProductDependencies = (
			);
			productName = MavisTests;
			productReference = 132BF82F2D4859F90075721B /* MavisTests.xctest */;
			productType = "com.apple.product-type.bundle.unit-test";
		};
		132BF8382D4859F90075721B /* MavisUITests */ = {
			isa = PBXNativeTarget;
			buildConfigurationList = 132BF8492D4859F90075721B /* Build configuration list for PBXNativeTarget "MavisUITests" */;
			buildPhases = (
				132BF8352D4859F90075721B /* Sources */,
				132BF8362D4859F90075721B /* Frameworks */,
				132BF8372D4859F90075721B /* Resources */,
			);
			buildRules = (
			);
			dependencies = (
				132BF83B2D4859F90075721B /* PBXTargetDependency */,
			);
			fileSystemSynchronizedGroups = (
				132BF83C2D4859F90075721B /* MavisUITests */,
			);
			name = MavisUITests;
			packageProductDependencies = (
			);
			productName = MavisUITests;
			productReference = 132BF8392D4859F90075721B /* MavisUITests.xctest */;
			productType = "com.apple.product-type.bundle.ui-testing";
		};
/* End PBXNativeTarget section */

/* Begin PBXProject section */
		132BF8122D4859F70075721B /* Project object */ = {
			isa = PBXProject;
			attributes = {
				BuildIndependentTargetsInParallel = 1;
				LastSwiftUpdateCheck = 1610;
				LastUpgradeCheck = 1610;
				TargetAttributes = {
					132BF8192D4859F70075721B = {
						CreatedOnToolsVersion = 16.1;
					};
					132BF82E2D4859F90075721B = {
						CreatedOnToolsVersion = 16.1;
						TestTargetID = 132BF8192D4859F70075721B;
					};
					132BF8382D4859F90075721B = {
						CreatedOnToolsVersion = 16.1;
						TestTargetID = 132BF8192D4859F70075721B;
					};
				};
			};
			buildConfigurationList = 132BF8152D4859F70075721B /* Build configuration list for PBXProject "Mavis" */;
			developmentRegion = en;
			hasScannedForEncodings = 0;
			knownRegions = (
				en,
				Base,
			);
			mainGroup = 132BF8112D4859F70075721B;
			minimizedProjectReferenceProxies = 1;
			packageReferences = (
				1350C8B82D585453005A9CD3 /* XCRemoteSwiftPackageReference "ZIPFoundation" */,
			);
			preferredProjectObjectVersion = 77;
			productRefGroup = 132BF81B2D4859F70075721B /* Products */;
			projectDirPath = "";
			projectRoot = "";
			targets = (
				132BF8192D4859F70075721B /* iMavis */,
				132BF82E2D4859F90075721B /* MavisTests */,
				132BF8382D4859F90075721B /* MavisUITests */,
			);
		};
/* End PBXProject section */

/* Begin PBXResourcesBuildPhase section */
		132BF8182D4859F70075721B /* Resources */ = {
			isa = PBXResourcesBuildPhase;
			buildActionMask = 2147483647;
			files = (
				13863E792D4F52FE00A55FCA /* Sounds in Resources */,
			);
			runOnlyForDeploymentPostprocessing = 0;
		};
		132BF82D2D4859F90075721B /* Resources */ = {
			isa = PBXResourcesBuildPhase;
			buildActionMask = 2147483647;
			files = (
			);
			runOnlyForDeploymentPostprocessing = 0;
		};
		132BF8372D4859F90075721B /* Resources */ = {
			isa = PBXResourcesBuildPhase;
			buildActionMask = 2147483647;
			files = (
			);
			runOnlyForDeploymentPostprocessing = 0;
		};
/* End PBXResourcesBuildPhase section */

/* Begin PBXSourcesBuildPhase section */
		132BF8162D4859F70075721B /* Sources */ = {
			isa = PBXSourcesBuildPhase;
			buildActionMask = 2147483647;
			files = (
			);
			runOnlyForDeploymentPostprocessing = 0;
		};
		132BF82B2D4859F90075721B /* Sources */ = {
			isa = PBXSourcesBuildPhase;
			buildActionMask = 2147483647;
			files = (
			);
			runOnlyForDeploymentPostprocessing = 0;
		};
		132BF8352D4859F90075721B /* Sources */ = {
			isa = PBXSourcesBuildPhase;
			buildActionMask = 2147483647;
			files = (
			);
			runOnlyForDeploymentPostprocessing = 0;
		};
/* End PBXSourcesBuildPhase section */

/* Begin PBXTargetDependency section */
		132BF8312D4859F90075721B /* PBXTargetDependency */ = {
			isa = PBXTargetDependency;
			target = 132BF8192D4859F70075721B /* iMavis */;
			targetProxy = 132BF8302D4859F90075721B /* PBXContainerItemProxy */;
		};
		132BF83B2D4859F90075721B /* PBXTargetDependency */ = {
			isa = PBXTargetDependency;
			target = 132BF8192D4859F70075721B /* iMavis */;
			targetProxy = 132BF83A2D4859F90075721B /* PBXContainerItemProxy */;
		};
/* End PBXTargetDependency section */

/* Begin XCBuildConfiguration section */
		132BF8412D4859F90075721B /* Debug */ = {
			isa = XCBuildConfiguration;
			buildSettings = {
				ALWAYS_SEARCH_USER_PATHS = NO;
				ASSETCATALOG_COMPILER_GENERATE_SWIFT_ASSET_SYMBOL_EXTENSIONS = YES;
				CLANG_ANALYZER_NONNULL = YES;
				CLANG_ANALYZER_NUMBER_OBJECT_CONVERSION = YES_AGGRESSIVE;
				CLANG_CXX_LANGUAGE_STANDARD = "gnu++20";
				CLANG_ENABLE_MODULES = YES;
				CLANG_ENABLE_OBJC_ARC = YES;
				CLANG_ENABLE_OBJC_WEAK = YES;
				CLANG_WARN_BLOCK_CAPTURE_AUTORELEASING = YES;
				CLANG_WARN_BOOL_CONVERSION = YES;
				CLANG_WARN_COMMA = YES;
				CLANG_WARN_CONSTANT_CONVERSION = YES;
				CLANG_WARN_DEPRECATED_OBJC_IMPLEMENTATIONS = YES;
				CLANG_WARN_DIRECT_OBJC_ISA_USAGE = YES_ERROR;
				CLANG_WARN_DOCUMENTATION_COMMENTS = YES;
				CLANG_WARN_EMPTY_BODY = YES;
				CLANG_WARN_ENUM_CONVERSION = YES;
				CLANG_WARN_INFINITE_RECURSION = YES;
				CLANG_WARN_INT_CONVERSION = YES;
				CLANG_WARN_NON_LITERAL_NULL_CONVERSION = YES;
				CLANG_WARN_OBJC_IMPLICIT_RETAIN_SELF = YES;
				CLANG_WARN_OBJC_LITERAL_CONVERSION = YES;
				CLANG_WARN_OBJC_ROOT_CLASS = YES_ERROR;
				CLANG_WARN_QUOTED_INCLUDE_IN_FRAMEWORK_HEADER = YES;
				CLANG_WARN_RANGE_LOOP_ANALYSIS = YES;
				CLANG_WARN_STRICT_PROTOTYPES = YES;
				CLANG_WARN_SUSPICIOUS_MOVE = YES;
				CLANG_WARN_UNGUARDED_AVAILABILITY = YES_AGGRESSIVE;
				CLANG_WARN_UNREACHABLE_CODE = YES;
				CLANG_WARN__DUPLICATE_METHOD_MATCH = YES;
				CODE_SIGN_IDENTITY = "Apple Distribution: Michael Solomon (K95PCKP5T4)";
				COPY_PHASE_STRIP = NO;
				DEBUG_INFORMATION_FORMAT = dwarf;
				DEVELOPMENT_TEAM = K95PCKP5T4;
				ENABLE_STRICT_OBJC_MSGSEND = YES;
				ENABLE_TESTABILITY = YES;
				ENABLE_USER_SCRIPT_SANDBOXING = YES;
				GCC_C_LANGUAGE_STANDARD = gnu17;
				GCC_DYNAMIC_NO_PIC = NO;
				GCC_NO_COMMON_BLOCKS = YES;
				GCC_OPTIMIZATION_LEVEL = 0;
				GCC_PREPROCESSOR_DEFINITIONS = (
					"DEBUG=1",
					"$(inherited)",
				);
				GCC_WARN_64_TO_32_BIT_CONVERSION = YES;
				GCC_WARN_ABOUT_RETURN_TYPE = YES_ERROR;
				GCC_WARN_UNDECLARED_SELECTOR = YES;
				GCC_WARN_UNINITIALIZED_AUTOS = YES_AGGRESSIVE;
				GCC_WARN_UNUSED_FUNCTION = YES;
				GCC_WARN_UNUSED_VARIABLE = YES;
				IPHONEOS_DEPLOYMENT_TARGET = 17.6;
				LOCALIZATION_PREFERS_STRING_CATALOGS = YES;
				MTL_ENABLE_DEBUG_INFO = INCLUDE_SOURCE;
				MTL_FAST_MATH = YES;
				ONLY_ACTIVE_ARCH = YES;
				SDKROOT = iphoneos;
				SWIFT_ACTIVE_COMPILATION_CONDITIONS = "DEBUG $(inherited)";
				SWIFT_OPTIMIZATION_LEVEL = "-Onone";
			};
			name = Debug;
		};
		132BF8422D4859F90075721B /* Release */ = {
			isa = XCBuildConfiguration;
			buildSettings = {
				ALWAYS_SEARCH_USER_PATHS = NO;
				ASSETCATALOG_COMPILER_GENERATE_SWIFT_ASSET_SYMBOL_EXTENSIONS = YES;
				CLANG_ANALYZER_NONNULL = YES;
				CLANG_ANALYZER_NUMBER_OBJECT_CONVERSION = YES_AGGRESSIVE;
				CLANG_CXX_LANGUAGE_STANDARD = "gnu++20";
				CLANG_ENABLE_MODULES = YES;
				CLANG_ENABLE_OBJC_ARC = YES;
				CLANG_ENABLE_OBJC_WEAK = YES;
				CLANG_WARN_BLOCK_CAPTURE_AUTORELEASING = YES;
				CLANG_WARN_BOOL_CONVERSION = YES;
				CLANG_WARN_COMMA = YES;
				CLANG_WARN_CONSTANT_CONVERSION = YES;
				CLANG_WARN_DEPRECATED_OBJC_IMPLEMENTATIONS = YES;
				CLANG_WARN_DIRECT_OBJC_ISA_USAGE = YES_ERROR;
				CLANG_WARN_DOCUMENTATION_COMMENTS = YES;
				CLANG_WARN_EMPTY_BODY = YES;
				CLANG_WARN_ENUM_CONVERSION = YES;
				CLANG_WARN_INFINITE_RECURSION = YES;
				CLANG_WARN_INT_CONVERSION = YES;
				CLANG_WARN_NON_LITERAL_NULL_CONVERSION = YES;
				CLANG_WARN_OBJC_IMPLICIT_RETAIN_SELF = YES;
				CLANG_WARN_OBJC_LITERAL_CONVERSION = YES;
				CLANG_WARN_OBJC_ROOT_CLASS = YES_ERROR;
				CLANG_WARN_QUOTED_INCLUDE_IN_FRAMEWORK_HEADER = YES;
				CLANG_WARN_RANGE_LOOP_ANALYSIS = YES;
				CLANG_WARN_STRICT_PROTOTYPES = YES;
				CLANG_WARN_SUSPICIOUS_MOVE = YES;
				CLANG_WARN_UNGUARDED_AVAILABILITY = YES_AGGRESSIVE;
				CLANG_WARN_UNREACHABLE_CODE = YES;
				CLANG_WARN__DUPLICATE_METHOD_MATCH = YES;
				CODE_SIGN_IDENTITY = "Apple Distribution: Michael Solomon (K95PCKP5T4)";
				COPY_PHASE_STRIP = NO;
				DEBUG_INFORMATION_FORMAT = "dwarf-with-dsym";
				DEVELOPMENT_TEAM = K95PCKP5T4;
				ENABLE_NS_ASSERTIONS = NO;
				ENABLE_STRICT_OBJC_MSGSEND = YES;
				ENABLE_USER_SCRIPT_SANDBOXING = YES;
				GCC_C_LANGUAGE_STANDARD = gnu17;
				GCC_NO_COMMON_BLOCKS = YES;
				GCC_WARN_64_TO_32_BIT_CONVERSION = YES;
				GCC_WARN_ABOUT_RETURN_TYPE = YES_ERROR;
				GCC_WARN_UNDECLARED_SELECTOR = YES;
				GCC_WARN_UNINITIALIZED_AUTOS = YES_AGGRESSIVE;
				GCC_WARN_UNUSED_FUNCTION = YES;
				GCC_WARN_UNUSED_VARIABLE = YES;
				IPHONEOS_DEPLOYMENT_TARGET = 17.6;
				LOCALIZATION_PREFERS_STRING_CATALOGS = YES;
				MTL_ENABLE_DEBUG_INFO = NO;
				MTL_FAST_MATH = YES;
				SDKROOT = iphoneos;
				SWIFT_COMPILATION_MODE = wholemodule;
				VALIDATE_PRODUCT = YES;
			};
			name = Release;
		};
		132BF8442D4859F90075721B /* Debug */ = {
			isa = XCBuildConfiguration;
			buildSettings = {
				ASSETCATALOG_COMPILER_APPICON_NAME = AppIcon;
				ASSETCATALOG_COMPILER_GLOBAL_ACCENT_COLOR_NAME = AccentColor;
				CODE_SIGN_IDENTITY = "Apple Development";
				CODE_SIGN_STYLE = Automatic;
				CURRENT_PROJECT_VERSION = 8;
				DEVELOPMENT_ASSET_PATHS = "\"Mavis/Preview Content\"";
				DEVELOPMENT_TEAM = K95PCKP5T4;
				ENABLE_PREVIEWS = YES;
				GENERATE_INFOPLIST_FILE = YES;
				INFOPLIST_FILE = "iMavis-Info.plist";
				INFOPLIST_KEY_CFBundleDisplayName = iMavis;
				INFOPLIST_KEY_LSApplicationCategoryType = "public.app-category.utilities";
				INFOPLIST_KEY_UIApplicationSceneManifest_Generation = YES;
				INFOPLIST_KEY_UIApplicationSupportsIndirectInputEvents = YES;
				INFOPLIST_KEY_UILaunchScreen_Generation = YES;
				INFOPLIST_KEY_UISupportedInterfaceOrientations_iPad = "UIInterfaceOrientationPortrait UIInterfaceOrientationPortraitUpsideDown UIInterfaceOrientationLandscapeLeft UIInterfaceOrientationLandscapeRight";
				INFOPLIST_KEY_UISupportedInterfaceOrientations_iPhone = "UIInterfaceOrientationPortrait UIInterfaceOrientationLandscapeLeft UIInterfaceOrientationLandscapeRight";
				IPHONEOS_DEPLOYMENT_TARGET = 17.6;
				LD_RUNPATH_SEARCH_PATHS = (
					"$(inherited)",
					"@executable_path/Frameworks",
				);
				MARKETING_VERSION = 1.0.8;
				PRODUCT_BUNDLE_IDENTIFIER = com.hiredgoons.iMavis;
				PRODUCT_NAME = "$(TARGET_NAME)";
				PROVISIONING_PROFILE_SPECIFIER = "";
				SWIFT_EMIT_LOC_STRINGS = YES;
				SWIFT_VERSION = 5.0;
				TARGETED_DEVICE_FAMILY = "1,2";
			};
			name = Debug;
		};
		132BF8452D4859F90075721B /* Release */ = {
			isa = XCBuildConfiguration;
			buildSettings = {
				ASSETCATALOG_COMPILER_APPICON_NAME = AppIcon;
				ASSETCATALOG_COMPILER_GLOBAL_ACCENT_COLOR_NAME = AccentColor;
				CODE_SIGN_IDENTITY = "Apple Development";
				CODE_SIGN_STYLE = Automatic;
				CURRENT_PROJECT_VERSION = 8;
				DEVELOPMENT_ASSET_PATHS = "\"Mavis/Preview Content\"";
				DEVELOPMENT_TEAM = K95PCKP5T4;
				ENABLE_PREVIEWS = YES;
				GENERATE_INFOPLIST_FILE = YES;
				INFOPLIST_FILE = "iMavis-Info.plist";
				INFOPLIST_KEY_CFBundleDisplayName = iMavis;
				INFOPLIST_KEY_LSApplicationCategoryType = "public.app-category.utilities";
				INFOPLIST_KEY_UIApplicationSceneManifest_Generation = YES;
				INFOPLIST_KEY_UIApplicationSupportsIndirectInputEvents = YES;
				INFOPLIST_KEY_UILaunchScreen_Generation = YES;
				INFOPLIST_KEY_UISupportedInterfaceOrientations_iPad = "UIInterfaceOrientationPortrait UIInterfaceOrientationPortraitUpsideDown UIInterfaceOrientationLandscapeLeft UIInterfaceOrientationLandscapeRight";
				INFOPLIST_KEY_UISupportedInterfaceOrientations_iPhone = "UIInterfaceOrientationPortrait UIInterfaceOrientationLandscapeLeft UIInterfaceOrientationLandscapeRight";
				IPHONEOS_DEPLOYMENT_TARGET = 17.6;
				LD_RUNPATH_SEARCH_PATHS = (
					"$(inherited)",
					"@executable_path/Frameworks",
				);
				MARKETING_VERSION = 1.0.8;
				PRODUCT_BUNDLE_IDENTIFIER = com.hiredgoons.iMavis;
				PRODUCT_NAME = "$(TARGET_NAME)";
				PROVISIONING_PROFILE_SPECIFIER = "";
				SWIFT_EMIT_LOC_STRINGS = YES;
				SWIFT_VERSION = 5.0;
				TARGETED_DEVICE_FAMILY = "1,2";
			};
			name = Release;
		};
		132BF8472D4859F90075721B /* Debug */ = {
			isa = XCBuildConfiguration;
			buildSettings = {
				BUNDLE_LOADER = "$(TEST_HOST)";
				CODE_SIGN_STYLE = Automatic;
				CURRENT_PROJECT_VERSION = 8;
				DEVELOPMENT_TEAM = K95PCKP5T4;
				GENERATE_INFOPLIST_FILE = YES;
				IPHONEOS_DEPLOYMENT_TARGET = 18.1;
				MARKETING_VERSION = 1.0.8;
				PRODUCT_BUNDLE_IDENTIFIER = com.hiredgoons.MavisTests;
				PRODUCT_NAME = "$(TARGET_NAME)";
				SWIFT_EMIT_LOC_STRINGS = NO;
				SWIFT_VERSION = 5.0;
				TARGETED_DEVICE_FAMILY = "1,2";
				TEST_HOST = "$(BUILT_PRODUCTS_DIR)/Mavis.app/$(BUNDLE_EXECUTABLE_FOLDER_PATH)/Mavis";
			};
			name = Debug;
		};
		132BF8482D4859F90075721B /* Release */ = {
			isa = XCBuildConfiguration;
			buildSettings = {
				BUNDLE_LOADER = "$(TEST_HOST)";
				CODE_SIGN_STYLE = Automatic;
				CURRENT_PROJECT_VERSION = 8;
				DEVELOPMENT_TEAM = K95PCKP5T4;
				GENERATE_INFOPLIST_FILE = YES;
				IPHONEOS_DEPLOYMENT_TARGET = 18.1;
				MARKETING_VERSION = 1.0.8;
				PRODUCT_BUNDLE_IDENTIFIER = com.hiredgoons.MavisTests;
				PRODUCT_NAME = "$(TARGET_NAME)";
				SWIFT_EMIT_LOC_STRINGS = NO;
				SWIFT_VERSION = 5.0;
				TARGETED_DEVICE_FAMILY = "1,2";
				TEST_HOST = "$(BUILT_PRODUCTS_DIR)/Mavis.app/$(BUNDLE_EXECUTABLE_FOLDER_PATH)/Mavis";
			};
			name = Release;
		};
		132BF84A2D4859F90075721B /* Debug */ = {
			isa = XCBuildConfiguration;
			buildSettings = {
				CODE_SIGN_STYLE = Automatic;
				CURRENT_PROJECT_VERSION = 8;
				DEVELOPMENT_TEAM = K95PCKP5T4;
				GENERATE_INFOPLIST_FILE = YES;
				MARKETING_VERSION = 1.0.8;
				PRODUCT_BUNDLE_IDENTIFIER = com.hiredgoons.MavisUITests;
				PRODUCT_NAME = "$(TARGET_NAME)";
				SWIFT_EMIT_LOC_STRINGS = NO;
				SWIFT_VERSION = 5.0;
				TARGETED_DEVICE_FAMILY = "1,2";
				TEST_TARGET_NAME = Mavis;
			};
			name = Debug;
		};
		132BF84B2D4859F90075721B /* Release */ = {
			isa = XCBuildConfiguration;
			buildSettings = {
				CODE_SIGN_STYLE = Automatic;
				CURRENT_PROJECT_VERSION = 8;
				DEVELOPMENT_TEAM = K95PCKP5T4;
				GENERATE_INFOPLIST_FILE = YES;
				MARKETING_VERSION = 1.0.8;
				PRODUCT_BUNDLE_IDENTIFIER = com.hiredgoons.MavisUITests;
				PRODUCT_NAME = "$(TARGET_NAME)";
				SWIFT_EMIT_LOC_STRINGS = NO;
				SWIFT_VERSION = 5.0;
				TARGETED_DEVICE_FAMILY = "1,2";
				TEST_TARGET_NAME = Mavis;
			};
			name = Release;
		};
/* End XCBuildConfiguration section */

/* Begin XCConfigurationList section */
		132BF8152D4859F70075721B /* Build configuration list for PBXProject "Mavis" */ = {
			isa = XCConfigurationList;
			buildConfigurations = (
				132BF8412D4859F90075721B /* Debug */,
				132BF8422D4859F90075721B /* Release */,
			);
			defaultConfigurationIsVisible = 0;
			defaultConfigurationName = Release;
		};
		132BF8432D4859F90075721B /* Build configuration list for PBXNativeTarget "iMavis" */ = {
			isa = XCConfigurationList;
			buildConfigurations = (
				132BF8442D4859F90075721B /* Debug */,
				132BF8452D4859F90075721B /* Release */,
			);
			defaultConfigurationIsVisible = 0;
			defaultConfigurationName = Release;
		};
		132BF8462D4859F90075721B /* Build configuration list for PBXNativeTarget "MavisTests" */ = {
			isa = XCConfigurationList;
			buildConfigurations = (
				132BF8472D4859F90075721B /* Debug */,
				132BF8482D4859F90075721B /* Release */,
			);
			defaultConfigurationIsVisible = 0;
			defaultConfigurationName = Release;
		};
		132BF8492D4859F90075721B /* Build configuration list for PBXNativeTarget "MavisUITests" */ = {
			isa = XCConfigurationList;
			buildConfigurations = (
				132BF84A2D4859F90075721B /* Debug */,
				132BF84B2D4859F90075721B /* Release */,
			);
			defaultConfigurationIsVisible = 0;
			defaultConfigurationName = Release;
		};
/* End XCConfigurationList section */

/* Begin XCRemoteSwiftPackageReference section */
		1350C8B82D585453005A9CD3 /* XCRemoteSwiftPackageReference "ZIPFoundation" */ = {
			isa = XCRemoteSwiftPackageReference;
			repositoryURL = "https://github.com/weichsel/ZIPFoundation";
			requirement = {
				kind = upToNextMajorVersion;
				minimumVersion = 0.9.19;
			};
		};
/* End XCRemoteSwiftPackageReference section */

/* Begin XCSwiftPackageProductDependency section */
		1350C8B92D585453005A9CD3 /* ZIPFoundation */ = {
			isa = XCSwiftPackageProductDependency;
			package = 1350C8B82D585453005A9CD3 /* XCRemoteSwiftPackageReference "ZIPFoundation" */;
			productName = ZIPFoundation;
		};
/* End XCSwiftPackageProductDependency section */
	};
	rootObject = 132BF8122D4859F70075721B /* Project object */;
}
